{
  "requires": true,
  "lockfileVersion": 1,
  "dependencies": {
    "ngx-take-until-destroy": {
      "version": "5.4.0",
      "resolved": "https://artifactory.wob.vw.vwg:8443/artifactory/api/npm/npm-webframeworks/ngx-take-until-destroy/-/ngx-take-until-destroy-5.4.0.tgz",
      "integrity": "sha1-bIYG7pVlhNyUfi62CcSLj5iwmQA=",
      "requires": {
        "tslib": "^1.9.0"
      }
    },
    "tslib": {
      "version": "1.13.0",
      "resolved": "https://artifactory.wob.vw.vwg:8443/artifactory/api/npm/npm-webframeworks/tslib/-/tslib-1.13.0.tgz",
      "integrity": "sha1-yIHhPMcBWJTtkUhi0nZDb6mkcEM="
    }
  }
}
